# THIS IS AN AUTOGENERATED FILE. DO NOT EDIT THIS FILE DIRECTLY.
# yarn lockfile v1


"@esbuild/aix-ppc64@0.27.2":
  version "0.27.2"
  resolved "https://registry.npmmirror.com/@esbuild/aix-ppc64/-/aix-ppc64-0.27.2.tgz#521cbd968dcf362094034947f76fa1b18d2d403c"
  integrity sha512-GZMB+a0mOMZs4MpDbj8RJp4cw+w1WV5NYD6xzgvzUJ5Ek2jerwfO2eADyI6ExDSUED+1X8aMbegahsJi+8mgpw==

"@esbuild/android-arm64@0.27.2":
  version "0.27.2"
  resolved "https://registry.npmmirror.com/@esbuild/android-arm64/-/android-arm64-0.27.2.tgz#61ea550962d8aa12a9b33194394e007657a6df57"
  integrity sha512-pvz8ZZ7ot/RBphf8fv60ljmaoydPU12VuXHImtAs0XhLLw+EXBi2BLe3OYSBslR4rryHvweW5gmkKFwTiFy6KA==

"@esbuild/android-arm@0.27.2":
  version "0.27.2"
  resolved "https://registry.npmmirror.com/@esbuild/android-arm/-/android-arm-0.27.2.tgz#554887821e009dd6d853f972fde6c5143f1de142"
  integrity sha512-DVNI8jlPa7Ujbr1yjU2PfUSRtAUZPG9I1RwW4F4xFB1Imiu2on0ADiI/c3td+KmDtVKNbi+nffGDQMfcIMkwIA==

"@esbuild/android-x64@0.27.2":
  version "0.27.2"
  resolved "https://registry.npmmirror.com/@esbuild/android-x64/-/android-x64-0.27.2.tgz#a7ce9d0721825fc578f9292a76d9e53334480ba2"
  integrity sha512-z8Ank4Byh4TJJOh4wpz8g2vDy75zFL0TlZlkUkEwYXuPSgX8yzep596n6mT7905kA9uHZsf/o2OJZubl2l3M7A==

"@esbuild/darwin-arm64@0.27.2":
  version "0.27.2"
  resolved "https://registry.npmmirror.com/@esbuild/darwin-arm64/-/darwin-arm64-0.27.2.tgz#2cb7659bd5d109803c593cfc414450d5430c8256"
  integrity sha512-davCD2Zc80nzDVRwXTcQP/28fiJbcOwvdolL0sOiOsbwBa72kegmVU0Wrh1MYrbuCL98Omp5dVhQFWRKR2ZAlg==

"@esbuild/darwin-x64@0.27.2":
  version "0.27.2"
  resolved "https://registry.npmmirror.com/@esbuild/darwin-x64/-/darwin-x64-0.27.2.tgz#e741fa6b1abb0cd0364126ba34ca17fd5e7bf509"
  integrity sha512-ZxtijOmlQCBWGwbVmwOF/UCzuGIbUkqB1faQRf5akQmxRJ1ujusWsb3CVfk/9iZKr2L5SMU5wPBi1UWbvL+VQA==

"@esbuild/freebsd-arm64@0.27.2":
  version "0.27.2"
  resolved "https://registry.npmmirror.com/@esbuild/freebsd-arm64/-/freebsd-arm64-0.27.2.tgz#2b64e7116865ca172d4ce034114c21f3c93e397c"
  integrity sha512-lS/9CN+rgqQ9czogxlMcBMGd+l8Q3Nj1MFQwBZJyoEKI50XGxwuzznYdwcav6lpOGv5BqaZXqvBSiB/kJ5op+g==

"@esbuild/freebsd-x64@0.27.2":
  version "0.27.2"
  resolved "https://registry.npmmirror.com/@esbuild/freebsd-x64/-/freebsd-x64-0.27.2.tgz#e5252551e66f499e4934efb611812f3820e990bb"
  integrity sha512-tAfqtNYb4YgPnJlEFu4c212HYjQWSO/w/h/lQaBK7RbwGIkBOuNKQI9tqWzx7Wtp7bTPaGC6MJvWI608P3wXYA==

"@esbuild/linux-arm64@0.27.2":
  version "0.27.2"
  resolved "https://registry.npmmirror.com/@esbuild/linux-arm64/-/linux-arm64-0.27.2.tgz#dc4acf235531cd6984f5d6c3b13dbfb7ddb303cb"
  integrity sha512-hYxN8pr66NsCCiRFkHUAsxylNOcAQaxSSkHMMjcpx0si13t1LHFphxJZUiGwojB1a/Hd5OiPIqDdXONia6bhTw==

"@esbuild/linux-arm@0.27.2":
  version "0.27.2"
  resolved "https://registry.npmmirror.com/@esbuild/linux-arm/-/linux-arm-0.27.2.tgz#56a900e39240d7d5d1d273bc053daa295c92e322"
  integrity sha512-vWfq4GaIMP9AIe4yj1ZUW18RDhx6EPQKjwe7n8BbIecFtCQG4CfHGaHuh7fdfq+y3LIA2vGS/o9ZBGVxIDi9hw==

"@esbuild/linux-ia32@0.27.2":
  version "0.27.2"
  resolved "https://registry.npmmirror.com/@esbuild/linux-ia32/-/linux-ia32-0.27.2.tgz#d4a36d473360f6870efcd19d52bbfff59a2ed1cc"
  integrity sha512-MJt5BRRSScPDwG2hLelYhAAKh9imjHK5+NE/tvnRLbIqUWa+0E9N4WNMjmp/kXXPHZGqPLxggwVhz7QP8CTR8w==

"@esbuild/linux-loong64@0.27.2":
  version "0.27.2"
  resolved "https://registry.npmmirror.com/@esbuild/linux-loong64/-/linux-loong64-0.27.2.tgz#fcf0ab8c3eaaf45891d0195d4961cb18b579716a"
  integrity sha512-lugyF1atnAT463aO6KPshVCJK5NgRnU4yb3FUumyVz+cGvZbontBgzeGFO1nF+dPueHD367a2ZXe1NtUkAjOtg==

"@esbuild/linux-mips64el@0.27.2":
  version "0.27.2"
  resolved "https://registry.npmmirror.com/@esbuild/linux-mips64el/-/linux-mips64el-0.27.2.tgz#598b67d34048bb7ee1901cb12e2a0a434c381c10"
  integrity sha512-nlP2I6ArEBewvJ2gjrrkESEZkB5mIoaTswuqNFRv/WYd+ATtUpe9Y09RnJvgvdag7he0OWgEZWhviS1OTOKixw==

"@esbuild/linux-ppc64@0.27.2":
  version "0.27.2"
  resolved "https://registry.npmmirror.com/@esbuild/linux-ppc64/-/linux-ppc64-0.27.2.tgz#3846c5df6b2016dab9bc95dde26c40f11e43b4c0"
  integrity sha512-C92gnpey7tUQONqg1n6dKVbx3vphKtTHJaNG2Ok9lGwbZil6DrfyecMsp9CrmXGQJmZ7iiVXvvZH6Ml5hL6XdQ==

"@esbuild/linux-riscv64@0.27.2":
  version "0.27.2"
  resolved "https://registry.npmmirror.com/@esbuild/linux-riscv64/-/linux-riscv64-0.27.2.tgz#173d4475b37c8d2c3e1707e068c174bb3f53d07d"
  integrity sha512-B5BOmojNtUyN8AXlK0QJyvjEZkWwy/FKvakkTDCziX95AowLZKR6aCDhG7LeF7uMCXEJqwa8Bejz5LTPYm8AvA==

"@esbuild/linux-s390x@0.27.2":
  version "0.27.2"
  resolved "https://registry.npmmirror.com/@esbuild/linux-s390x/-/linux-s390x-0.27.2.tgz#f7a4790105edcab8a5a31df26fbfac1aa3dacfab"
  integrity sha512-p4bm9+wsPwup5Z8f4EpfN63qNagQ47Ua2znaqGH6bqLlmJ4bx97Y9JdqxgGZ6Y8xVTixUnEkoKSHcpRlDnNr5w==

"@esbuild/linux-x64@0.27.2":
  version "0.27.2"
  resolved "https://registry.npmmirror.com/@esbuild/linux-x64/-/linux-x64-0.27.2.tgz#2ecc1284b1904aeb41e54c9ddc7fcd349b18f650"
  integrity sha512-uwp2Tip5aPmH+NRUwTcfLb+W32WXjpFejTIOWZFw/v7/KnpCDKG66u4DLcurQpiYTiYwQ9B7KOeMJvLCu/OvbA==

"@esbuild/netbsd-arm64@0.27.2":
  version "0.27.2"
  resolved "https://registry.npmmirror.com/@esbuild/netbsd-arm64/-/netbsd-arm64-0.27.2.tgz#e2863c2cd1501845995cb11adf26f7fe4be527b0"
  integrity sha512-Kj6DiBlwXrPsCRDeRvGAUb/LNrBASrfqAIok+xB0LxK8CHqxZ037viF13ugfsIpePH93mX7xfJp97cyDuTZ3cw==

"@esbuild/netbsd-x64@0.27.2":
  version "0.27.2"
  resolved "https://registry.npmmirror.com/@esbuild/netbsd-x64/-/netbsd-x64-0.27.2.tgz#93f7609e2885d1c0b5a1417885fba8d1fcc41272"
  integrity sha512-HwGDZ0VLVBY3Y+Nw0JexZy9o/nUAWq9MlV7cahpaXKW6TOzfVno3y3/M8Ga8u8Yr7GldLOov27xiCnqRZf0tCA==

"@esbuild/openbsd-arm64@0.27.2":
  version "0.27.2"
  resolved "https://registry.npmmirror.com/@esbuild/openbsd-arm64/-/openbsd-arm64-0.27.2.tgz#a1985604a203cdc325fd47542e106fafd698f02e"
  integrity sha512-DNIHH2BPQ5551A7oSHD0CKbwIA/Ox7+78/AWkbS5QoRzaqlev2uFayfSxq68EkonB+IKjiuxBFoV8ESJy8bOHA==

"@esbuild/openbsd-x64@0.27.2":
  version "0.27.2"
  resolved "https://registry.npmmirror.com/@esbuild/openbsd-x64/-/openbsd-x64-0.27.2.tgz#8209e46c42f1ffbe6e4ef77a32e1f47d404ad42a"
  integrity sha512-/it7w9Nb7+0KFIzjalNJVR5bOzA9Vay+yIPLVHfIQYG/j+j9VTH84aNB8ExGKPU4AzfaEvN9/V4HV+F+vo8OEg==

"@esbuild/openharmony-arm64@0.27.2":
  version "0.27.2"
  resolved "https://registry.npmmirror.com/@esbuild/openharmony-arm64/-/openharmony-arm64-0.27.2.tgz#8fade4441893d9cc44cbd7dcf3776f508ab6fb2f"
  integrity sha512-LRBbCmiU51IXfeXk59csuX/aSaToeG7w48nMwA6049Y4J4+VbWALAuXcs+qcD04rHDuSCSRKdmY63sruDS5qag==

"@esbuild/sunos-x64@0.27.2":
  version "0.27.2"
  resolved "https://registry.npmmirror.com/@esbuild/sunos-x64/-/sunos-x64-0.27.2.tgz#980d4b9703a16f0f07016632424fc6d9a789dfc2"
  integrity sha512-kMtx1yqJHTmqaqHPAzKCAkDaKsffmXkPHThSfRwZGyuqyIeBvf08KSsYXl+abf5HDAPMJIPnbBfXvP2ZC2TfHg==

"@esbuild/win32-arm64@0.27.2":
  version "0.27.2"
  resolved "https://registry.npmmirror.com/@esbuild/win32-arm64/-/win32-arm64-0.27.2.tgz#1c09a3633c949ead3d808ba37276883e71f6111a"
  integrity sha512-Yaf78O/B3Kkh+nKABUF++bvJv5Ijoy9AN1ww904rOXZFLWVc5OLOfL56W+C8F9xn5JQZa3UX6m+IktJnIb1Jjg==

"@esbuild/win32-ia32@0.27.2":
  version "0.27.2"
  resolved "https://registry.npmmirror.com/@esbuild/win32-ia32/-/win32-ia32-0.27.2.tgz#1b1e3a63ad4bef82200fef4e369e0fff7009eee5"
  integrity sha512-Iuws0kxo4yusk7sw70Xa2E2imZU5HoixzxfGCdxwBdhiDgt9vX9VUCBhqcwY7/uh//78A1hMkkROMJq9l27oLQ==

"@esbuild/win32-x64@0.27.2":
  version "0.27.2"
  resolved "https://registry.npmmirror.com/@esbuild/win32-x64/-/win32-x64-0.27.2.tgz#9e585ab6086bef994c6e8a5b3a0481219ada862b"
  integrity sha512-sRdU18mcKf7F+YgheI/zGf5alZatMUTKj/jNS6l744f9u3WFu4v7twcUI9vu4mknF4Y9aDlblIie0IM+5xxaqQ==

"@noble/curves@1.4.2", "@noble/curves@~1.4.0":
  version "1.4.2"
  resolved "https://registry.npmmirror.com/@noble/curves/-/curves-1.4.2.tgz#40309198c76ed71bc6dbf7ba24e81ceb4d0d1fe9"
  integrity sha512-TavHr8qycMChk8UwMld0ZDRvatedkzWfH8IiaeGCfymOP5i0hSCozz9vHOL0nkwk7HRMlFnAiKpS2jrUmSybcw==
  dependencies:
    "@noble/hashes" "1.4.0"

"@noble/curves@~1.8.1":
  version "1.8.2"
  resolved "https://registry.npmmirror.com/@noble/curves/-/curves-1.8.2.tgz#8f24c037795e22b90ae29e222a856294c1d9ffc7"
  integrity sha512-vnI7V6lFNe0tLAuJMu+2sX+FcL14TaCWy1qiczg1VwRmPrpQCdq5ESXQMqUc2tluRNf6irBXrWbl1mGN8uaU/g==
  dependencies:
    "@noble/hashes" "1.7.2"

"@noble/hashes@1.4.0", "@noble/hashes@~1.4.0":
  version "1.4.0"
  resolved "https://registry.npmmirror.com/@noble/hashes/-/hashes-1.4.0.tgz#45814aa329f30e4fe0ba49426f49dfccdd066426"
  integrity sha512-V1JJ1WTRUqHHrOSh597hURcMqVKVGL/ea3kv0gSnEdsEZ0/+VyPghM1lMNGc00z7CIQorSvbKpuJkxvuHbvdbg==

"@noble/hashes@1.7.2", "@noble/hashes@~1.7.1":
  version "1.7.2"
  resolved "https://registry.npmmirror.com/@noble/hashes/-/hashes-1.7.2.tgz#d53c65a21658fb02f3303e7ee3ba89d6754c64b4"
  integrity sha512-biZ0NUSxyjLLqo6KxEJ1b+C2NAx0wtDoFvCaXHGgUkeHzf3Xc1xKumFKREuT7f7DARNZ/slvYUwFG6B0f2b6hQ==

"@nomicfoundation/edr-darwin-arm64@0.12.0-next.22":
  version "0.12.0-next.22"
  resolved "https://registry.npmmirror.com/@nomicfoundation/edr-darwin-arm64/-/edr-darwin-arm64-0.12.0-next.22.tgz#2033c1b49461212682fd557002feb41b68677042"
  integrity sha512-TpEBSKyMZJEPvYwBPYclC2b+qobKjn1YhVa7aJ1R7RMPy5dJ/PqsrUK5UuUFFybBqoIorru5NTcsyCMWP5T/Fg==

"@nomicfoundation/edr-darwin-x64@0.12.0-next.22":
  version "0.12.0-next.22"
  resolved "https://registry.npmmirror.com/@nomicfoundation/edr-darwin-x64/-/edr-darwin-x64-0.12.0-next.22.tgz#f140f5150c80ca6135704831d31875c077309985"
  integrity sha512-aK/+m8xUkR4u+czTVGU06nSFVH43AY6XCBoR2YjO8SglAAjCSTWK3WAfVb6FcsriMmKv4PrvoyHLMbMP+fXcGA==

"@nomicfoundation/edr-linux-arm64-gnu@0.12.0-next.22":
  version "0.12.0-next.22"
  resolved "https://registry.npmmirror.com/@nomicfoundation/edr-linux-arm64-gnu/-/edr-linux-arm64-gnu-0.12.0-next.22.tgz#54eb2c8c285067fb5970442a8d8a3252a8b2d23e"
  integrity sha512-W5vXMleG14hVzRYGPEwlHLJ6iiQE8Qh63Uj538nAz4YUI6wWSgUOZE7K2Gt1EdujZGnrt7kfDslgJ96n4nKQZw==

"@nomicfoundation/edr-linux-arm64-musl@0.12.0-next.22":
  version "0.12.0-next.22"
  resolved "https://registry.npmmirror.com/@nomicfoundation/edr-linux-arm64-musl/-/edr-linux-arm64-musl-0.12.0-next.22.tgz#3862beb688bc2d460d8a2400d4d4e206357dfbc9"
  integrity sha512-VDp7EB3iY8MH/fFVcgEzLDGYmtS6j2honNc0RNUCFECKPrdsngGrTG8p+YFxyVjq2m5GEsdyKo4e+BKhaUNPdg==

"@nomicfoundation/edr-linux-x64-gnu@0.12.0-next.22":
  version "0.12.0-next.22"
  resolved "https://registry.npmmirror.com/@nomicfoundation/edr-linux-x64-gnu/-/edr-linux-x64-gnu-0.12.0-next.22.tgz#eea4bf9850c8aa37661e8a7625249e43a57014da"
  integrity sha512-XL6oA3ymRSQYyvg6hF1KIax6V/9vlWr5gJ8GPHVVODk1a/YfuEEY1osN5Zmo6aztUkSGKwSuac/3Ax7rfDDiSg==

"@nomicfoundation/edr-linux-x64-musl@0.12.0-next.22":
  version "0.12.0-next.22"
  resolved "https://registry.npmmirror.com/@nomicfoundation/edr-linux-x64-musl/-/edr-linux-x64-musl-0.12.0-next.22.tgz#801cfad4063b831f0bea8d57a34a47e782f44536"
  integrity sha512-hmkRIXxWa9P0PwfXOAO6WUw11GyV5gpxcMunqWBTkwZ4QW/hi/CkXmlLo6VHd6ceCwpUNLhCGndBtrOPrNRi4A==

"@nomicfoundation/edr-win32-x64-msvc@0.12.0-next.22":
  version "0.12.0-next.22"
  resolved "https://registry.npmmirror.com/@nomicfoundation/edr-win32-x64-msvc/-/edr-win32-x64-msvc-0.12.0-next.22.tgz#303a1d274ccb1a2c4ff1f73b734ebb5c280f1311"
  integrity sha512-X7f+7KUMm00trsXAHCHJa+x1fc3QAbk2sBctyOgpET+GLrfCXbxqrccKi7op8f0zTweAVGg1Hsc8SjjC7kwFLw==

"@nomicfoundation/edr@0.12.0-next.22":
  version "0.12.0-next.22"
  resolved "https://registry.npmmirror.com/@nomicfoundation/edr/-/edr-0.12.0-next.22.tgz#f40b373eec002c0170068e39eb90df6037a0d3dc"
  integrity sha512-JigYWf2stjpDxSndBsxRoobQHK8kz4SAVaHtTIKQLIHbsBwymE8i120Ejne6Jk+Ndc5CsNINXB8/bK6vLPe9jA==
  dependencies:
    "@nomicfoundation/edr-darwin-arm64" "0.12.0-next.22"
    "@nomicfoundation/edr-darwin-x64" "0.12.0-next.22"
    "@nomicfoundation/edr-linux-arm64-gnu" "0.12.0-next.22"
    "@nomicfoundation/edr-linux-arm64-musl" "0.12.0-next.22"
    "@nomicfoundation/edr-linux-x64-gnu" "0.12.0-next.22"
    "@nomicfoundation/edr-linux-x64-musl" "0.12.0-next.22"
    "@nomicfoundation/edr-win32-x64-msvc" "0.12.0-next.22"

"@nomicfoundation/hardhat-errors@^3.0.0", "@nomicfoundation/hardhat-errors@^3.0.6":
  version "3.0.6"
  resolved "https://registry.npmmirror.com/@nomicfoundation/hardhat-errors/-/hardhat-errors-3.0.6.tgz#0dc92ba66ef270597a05a0b9e338520a26d5b05f"
  integrity sha512-3x+OVdZv7Rgy3z6os9pB6kiHLxs6q0PCXHRu+WLZflr44PG9zW+7V9o+ehrUqmmivlHcIFr3Qh4M2wZVuoCYww==
  dependencies:
    "@nomicfoundation/hardhat-utils" "^3.0.1"

"@nomicfoundation/hardhat-utils@^3.0.1", "@nomicfoundation/hardhat-utils@^3.0.2", "@nomicfoundation/hardhat-utils@^3.0.5":
  version "3.0.5"
  resolved "https://registry.npmmirror.com/@nomicfoundation/hardhat-utils/-/hardhat-utils-3.0.5.tgz#b04fbde1d0914939b3c4b982486cb3dcb117a6f6"
  integrity sha512-5zkQSuSxkwK7fQxKswJ1GGc/3AuWBSmxA7GhczTPLx28dAXQnubRU8nA48SkCkKesJq5x4TROP+XheSE2VkLUA==
  dependencies:
    "@streamparser/json-node" "^0.0.22"
    debug "^4.3.2"
    env-paths "^2.2.0"
    ethereum-cryptography "^2.2.1"
    fast-equals "^5.0.1"
    json-stream-stringify "^3.1.6"
    rfdc "^1.3.1"
    undici "^6.16.1"

"@nomicfoundation/hardhat-vendored@^3.0.0":
  version "3.0.0"
  resolved "https://registry.npmmirror.com/@nomicfoundation/hardhat-vendored/-/hardhat-vendored-3.0.0.tgz#1fcb1813ddda1f2b4bbabee04d863ce60ed1dfc6"
  integrity sha512-bzIOdG4iAuYSs9JSnaVOtH7qUKJ6W5+OtOiL8MlyFuLKYN2hjIisGO4pY5zR4N7xi/3RjfcnjVNz8tU0DPg2Cw==

"@nomicfoundation/hardhat-zod-utils@^3.0.1":
  version "3.0.1"
  resolved "https://registry.npmmirror.com/@nomicfoundation/hardhat-zod-utils/-/hardhat-zod-utils-3.0.1.tgz#eef36a0968be49aa67f2195aa7050c697b596d45"
  integrity sha512-I6/pyYiS9p2lLkzQuedr1ScMocH+ew8l233xTi+LP92gjEiviJDxselpkzgU01MUM0t6BPpfP8yMO958LDEJVg==
  dependencies:
    "@nomicfoundation/hardhat-errors" "^3.0.0"
    "@nomicfoundation/hardhat-utils" "^3.0.2"

"@nomicfoundation/solidity-analyzer-darwin-arm64@0.1.2":
  version "0.1.2"
  resolved "https://registry.npmmirror.com/@nomicfoundation/solidity-analyzer-darwin-arm64/-/solidity-analyzer-darwin-arm64-0.1.2.tgz#3a9c3b20d51360b20affb8f753e756d553d49557"
  integrity sha512-JaqcWPDZENCvm++lFFGjrDd8mxtf+CtLd2MiXvMNTBD33dContTZ9TWETwNFwg7JTJT5Q9HEecH7FA+HTSsIUw==

"@nomicfoundation/solidity-analyzer-darwin-x64@0.1.2":
  version "0.1.2"
  resolved "https://registry.npmmirror.com/@nomicfoundation/solidity-analyzer-darwin-x64/-/solidity-analyzer-darwin-x64-0.1.2.tgz#74dcfabeb4ca373d95bd0d13692f44fcef133c28"
  integrity sha512-fZNmVztrSXC03e9RONBT+CiksSeYcxI1wlzqyr0L7hsQlK1fzV+f04g2JtQ1c/Fe74ZwdV6aQBdd6Uwl1052sw==

"@nomicfoundation/solidity-analyzer-linux-arm64-gnu@0.1.2":
  version "0.1.2"
  resolved "https://registry.npmmirror.com/@nomicfoundation/solidity-analyzer-linux-arm64-gnu/-/solidity-analyzer-linux-arm64-gnu-0.1.2.tgz#4af5849a89e5a8f511acc04f28eb5d4460ba2b6a"
  integrity sha512-3d54oc+9ZVBuB6nbp8wHylk4xh0N0Gc+bk+/uJae+rUgbOBwQSfuGIbAZt1wBXs5REkSmynEGcqx6DutoK0tPA==

"@nomicfoundation/solidity-analyzer-linux-arm64-musl@0.1.2":
  version "0.1.2"
  resolved "https://registry.npmmirror.com/@nomicfoundation/solidity-analyzer-linux-arm64-musl/-/solidity-analyzer-linux-arm64-musl-0.1.2.tgz#54036808a9a327b2ff84446c130a6687ee702a8e"
  integrity sha512-iDJfR2qf55vgsg7BtJa7iPiFAsYf2d0Tv/0B+vhtnI16+wfQeTbP7teookbGvAo0eJo7aLLm0xfS/GTkvHIucA==

"@nomicfoundation/solidity-analyzer-linux-x64-gnu@0.1.2":
  version "0.1.2"
  resolved "https://registry.npmmirror.com/@nomicfoundation/solidity-analyzer-linux-x64-gnu/-/solidity-analyzer-linux-x64-gnu-0.1.2.tgz#466cda0d6e43691986c944b909fc6dbb8cfc594e"
  integrity sha512-9dlHMAt5/2cpWyuJ9fQNOUXFB/vgSFORg1jpjX1Mh9hJ/MfZXlDdHQ+DpFCs32Zk5pxRBb07yGvSHk9/fezL+g==

"@nomicfoundation/solidity-analyzer-linux-x64-musl@0.1.2":
  version "0.1.2"
  resolved "https://registry.npmmirror.com/@nomicfoundation/solidity-analyzer-linux-x64-musl/-/solidity-analyzer-linux-x64-musl-0.1.2.tgz#2b35826987a6e94444140ac92310baa088ee7f94"
  integrity sha512-GzzVeeJob3lfrSlDKQw2bRJ8rBf6mEYaWY+gW0JnTDHINA0s2gPR4km5RLIj1xeZZOYz4zRw+AEeYgLRqB2NXg==

"@nomicfoundation/solidity-analyzer-win32-x64-msvc@0.1.2":
  version "0.1.2"
  resolved "https://registry.npmmirror.com/@nomicfoundation/solidity-analyzer-win32-x64-msvc/-/solidity-analyzer-win32-x64-msvc-0.1.2.tgz#e6363d13b8709ca66f330562337dbc01ce8bbbd9"
  integrity sha512-Fdjli4DCcFHb4Zgsz0uEJXZ2K7VEO+w5KVv7HmT7WO10iODdU9csC2az4jrhEsRtiR9Gfd74FlG0NYlw1BMdyA==

"@nomicfoundation/solidity-analyzer@^0.1.1":
  version "0.1.2"
  resolved "https://registry.npmmirror.com/@nomicfoundation/solidity-analyzer/-/solidity-analyzer-0.1.2.tgz#8bcea7d300157bf3a770a851d9f5c5e2db34ac55"
  integrity sha512-q4n32/FNKIhQ3zQGGw5CvPF6GTvDCpYwIf7bEY/dZTZbgfDsHyjJwURxUJf3VQuuJj+fDIFl4+KkBVbw4Ef6jA==
  optionalDependencies:
    "@nomicfoundation/solidity-analyzer-darwin-arm64" "0.1.2"
    "@nomicfoundation/solidity-analyzer-darwin-x64" "0.1.2"
    "@nomicfoundation/solidity-analyzer-linux-arm64-gnu" "0.1.2"
    "@nomicfoundation/solidity-analyzer-linux-arm64-musl" "0.1.2"
    "@nomicfoundation/solidity-analyzer-linux-x64-gnu" "0.1.2"
    "@nomicfoundation/solidity-analyzer-linux-x64-musl" "0.1.2"
    "@nomicfoundation/solidity-analyzer-win32-x64-msvc" "0.1.2"

"@scure/base@~1.1.6":
  version "1.1.9"
  resolved "https://registry.npmmirror.com/@scure/base/-/base-1.1.9.tgz#e5e142fbbfe251091f9c5f1dd4c834ac04c3dbd1"
  integrity sha512-8YKhl8GHiNI/pU2VMaofa2Tor7PJRAjwQLBBuilkJ9L5+13yVbC7JO/wS7piioAvPSwR3JKM1IJ/u4xQzbcXKg==

"@scure/base@~1.2.5":
  version "1.2.6"
  resolved "https://registry.npmmirror.com/@scure/base/-/base-1.2.6.tgz#ca917184b8231394dd8847509c67a0be522e59f6"
  integrity sha512-g/nm5FgUa//MCj1gV09zTJTaM6KBAHqLN907YVQqf7zC49+DcO4B1so4ZX07Ef10Twr6nuqYEH9GEggFXA4Fmg==

"@scure/bip32@1.4.0":
  version "1.4.0"
  resolved "https://registry.npmmirror.com/@scure/bip32/-/bip32-1.4.0.tgz#4e1f1e196abedcef395b33b9674a042524e20d67"
  integrity sha512-sVUpc0Vq3tXCkDGYVWGIZTRfnvu8LoTDaev7vbwh0omSvVORONr960MQWdKqJDCReIEmTj3PAr73O3aoxz7OPg==
  dependencies:
    "@noble/curves" "~1.4.0"
    "@noble/hashes" "~1.4.0"
    "@scure/base" "~1.1.6"

"@scure/bip39@1.3.0":
  version "1.3.0"
  resolved "https://registry.npmmirror.com/@scure/bip39/-/bip39-1.3.0.tgz#0f258c16823ddd00739461ac31398b4e7d6a18c3"
  integrity sha512-disdg7gHuTDZtY+ZdkmLpPCk7fxZSu3gBiEGuoC1XYxv9cGx3Z6cpTggCgW6odSOOIXCiDjuGejW+aJKCY/pIQ==
  dependencies:
    "@noble/hashes" "~1.4.0"
    "@scure/base" "~1.1.6"

"@sentry/core@^9.4.0":
  version "9.47.1"
  resolved "https://registry.npmmirror.com/@sentry/core/-/core-9.47.1.tgz#6b95b8a03ade1ca04f8b9b457bc751eb8be0c06a"
  integrity sha512-KX62+qIt4xgy8eHKHiikfhz2p5fOciXd0Cl+dNzhgPFq8klq4MGMNaf148GB3M/vBqP4nw/eFvRMAayFCgdRQw==

"@streamparser/json-node@^0.0.22":
  version "0.0.22"
  resolved "https://registry.npmmirror.com/@streamparser/json-node/-/json-node-0.0.22.tgz#cee66bb2f175e41abf83574dc7d6fe9c997d94d5"
  integrity sha512-sJT2ptNRwqB1lIsQrQlCoWk5rF4tif9wDh+7yluAGijJamAhrHGYpFB/Zg3hJeceoZypi74ftXk8DHzwYpbZSg==
  dependencies:
    "@streamparser/json" "^0.0.22"

"@streamparser/json@^0.0.22":
  version "0.0.22"
  resolved "https://registry.npmmirror.com/@streamparser/json/-/json-0.0.22.tgz#8ddcbcc8c3ca77aeadf80af47f54a64c8739a037"
  integrity sha512-b6gTSBjJ8G8SuO3Gbbj+zXbVx8NSs1EbpbMKpzGLWMdkR+98McH9bEjSz3+0mPJf68c5nxa3CrJHp5EQNXM6zQ==

adm-zip@^0.4.16:
  version "0.4.16"
  resolved "https://registry.npmmirror.com/adm-zip/-/adm-zip-0.4.16.tgz#cf4c508fdffab02c269cbc7f471a875f05570365"
  integrity sha512-TFi4HBKSGfIKsK5YCkKaaFG2m4PEDyViZmEwof3MTIgzimHLto6muaHVpbrljdIvIrFZzEq/p4nafOeLcYegrg==

ansi-colors@^4.1.1:
  version "4.1.3"
  resolved "https://registry.npmmirror.com/ansi-colors/-/ansi-colors-4.1.3.tgz#37611340eb2243e70cc604cad35d63270d48781b"
  integrity sha512-/6w/C21Pm1A7aZitlI5Ni/2J6FFQN8i1Cvz3kHABAAbw93v/NlvKdVOqz7CCWz/3iv/JplRSEEZ83XION15ovw==

ansi-regex@^5.0.1:
  version "5.0.1"
  resolved "https://registry.npmmirror.com/ansi-regex/-/ansi-regex-5.0.1.tgz#082cb2c89c9fe8659a311a53bd6a4dc5301db304"
  integrity sha512-quJQXlTSUGL2LH9SUXo8VwsY4soanhgo6LNSm84E1LBcE8s3O0wpdiRzyR9z/ZZJMlMWv37qOOb9pdJlMUEKFQ==

chalk@^5.3.0:
  version "5.6.2"
  resolved "https://registry.npmmirror.com/chalk/-/chalk-5.6.2.tgz#b1238b6e23ea337af71c7f8a295db5af0c158aea"
  integrity sha512-7NzBL0rN6fMUW+f7A6Io4h40qQlG+xGmtMxfbnH/K7TAtt8JQWVQK+6g0UXKMeVJoyV5EkkNsErQ8pVD3bLHbA==

chokidar@^4.0.3:
  version "4.0.3"
  resolved "https://registry.npmmirror.com/chokidar/-/chokidar-4.0.3.tgz#7be37a4c03c9aee1ecfe862a4a23b2c70c205d30"
  integrity sha512-Qgzu8kfBvo+cA4962jnP1KkS6Dop5NS6g7R5LFYJr4b8Ub94PPQXUksCw9PvXoeXPRRddRNC5C1JQUR2SMGtnA==
  dependencies:
    readdirp "^4.0.1"

debug@^4.3.2:
  version "4.4.3"
  resolved "https://registry.npmmirror.com/debug/-/debug-4.4.3.tgz#c6ae432d9bd9662582fce08709b038c58e9e3d6a"
  integrity sha512-RGwwWnwQvkVfavKVt22FGLw+xYSdzARwm0ru6DhTVA3umU5hZc28V3kO4stgYryrTlLpuvgI9GiijltAjNbcqA==
  dependencies:
    ms "^2.1.3"

enquirer@^2.3.0:
  version "2.4.1"
  resolved "https://registry.npmmirror.com/enquirer/-/enquirer-2.4.1.tgz#93334b3fbd74fc7097b224ab4a8fb7e40bf4ae56"
  integrity sha512-rRqJg/6gd538VHvR3PSrdRBb/1Vy2YfzHqzvbhGIQpDRKIa4FgV/54b5Q1xYSxOOwKvjXweS26E0Q+nAMwp2pQ==
  dependencies:
    ansi-colors "^4.1.1"
    strip-ansi "^6.0.1"

env-paths@^2.2.0:
  version "2.2.1"
  resolved "https://registry.npmmirror.com/env-paths/-/env-paths-2.2.1.tgz#420399d416ce1fbe9bc0a07c62fa68d67fd0f8f2"
  integrity sha512-+h1lkLKhZMTYjog1VEpJNG7NZJWcuc2DDk/qsqSTRRCOXiLjeQ1d1/udrUGhqMxUgAlwKNZ0cf2uqan5GLuS2A==

esbuild@~0.27.0:
  version "0.27.2"
  resolved "https://registry.npmmirror.com/esbuild/-/esbuild-0.27.2.tgz#d83ed2154d5813a5367376bb2292a9296fc83717"
  integrity sha512-HyNQImnsOC7X9PMNaCIeAm4ISCQXs5a5YasTXVliKv4uuBo1dKrG0A+uQS8M5eXjVMnLg3WgXaKvprHlFJQffw==
  optionalDependencies:
    "@esbuild/aix-ppc64" "0.27.2"
    "@esbuild/android-arm" "0.27.2"
    "@esbuild/android-arm64" "0.27.2"
    "@esbuild/android-x64" "0.27.2"
    "@esbuild/darwin-arm64" "0.27.2"
    "@esbuild/darwin-x64" "0.27.2"
    "@esbuild/freebsd-arm64" "0.27.2"
    "@esbuild/freebsd-x64" "0.27.2"
    "@esbuild/linux-arm" "0.27.2"
    "@esbuild/linux-arm64" "0.27.2"
    "@esbuild/linux-ia32" "0.27.2"
    "@esbuild/linux-loong64" "0.27.2"
    "@esbuild/linux-mips64el" "0.27.2"
    "@esbuild/linux-ppc64" "0.27.2"
    "@esbuild/linux-riscv64" "0.27.2"
    "@esbuild/linux-s390x" "0.27.2"
    "@esbuild/linux-x64" "0.27.2"
    "@esbuild/netbsd-arm64" "0.27.2"
    "@esbuild/netbsd-x64" "0.27.2"
    "@esbuild/openbsd-arm64" "0.27.2"
    "@esbuild/openbsd-x64" "0.27.2"
    "@esbuild/openharmony-arm64" "0.27.2"
    "@esbuild/sunos-x64" "0.27.2"
    "@esbuild/win32-arm64" "0.27.2"
    "@esbuild/win32-ia32" "0.27.2"
    "@esbuild/win32-x64" "0.27.2"

ethereum-cryptography@^2.2.1:
  version "2.2.1"
  resolved "https://registry.npmmirror.com/ethereum-cryptography/-/ethereum-cryptography-2.2.1.tgz#58f2810f8e020aecb97de8c8c76147600b0b8ccf"
  integrity sha512-r/W8lkHSiTLxUxW8Rf3u4HGB0xQweG2RyETjywylKZSzLWoWAijRz8WCuOtJ6wah+avllXBqZuk29HCCvhEIRg==
  dependencies:
    "@noble/curves" "1.4.2"
    "@noble/hashes" "1.4.0"
    "@scure/bip32" "1.4.0"
    "@scure/bip39" "1.3.0"

fast-equals@^5.0.1:
  version "5.4.0"
  resolved "https://registry.npmmirror.com/fast-equals/-/fast-equals-5.4.0.tgz#b60073b8764f27029598447f05773c7534ba7f1e"
  integrity sha512-jt2DW/aNFNwke7AUd+Z+e6pz39KO5rzdbbFCg2sGafS4mk13MI7Z8O5z9cADNn5lhGODIgLwug6TZO2ctf7kcw==

fsevents@~2.3.3:
  version "2.3.3"
  resolved "https://registry.npmmirror.com/fsevents/-/fsevents-2.3.3.tgz#cac6407785d03675a2a5e1a5305c697b347d90d6"
  integrity sha512-5xoDfX+fL7faATnagmWPpbFtwh/R77WmMMqqHGS65C3vvB0YHrgF+B1YmZ3441tMj5n63k0212XNoJwzlhffQw==

get-tsconfig@^4.7.5:
  version "4.13.0"
  resolved "https://registry.npmmirror.com/get-tsconfig/-/get-tsconfig-4.13.0.tgz#fcdd991e6d22ab9a600f00e91c318707a5d9a0d7"
  integrity sha512-1VKTZJCwBrvbd+Wn3AOgQP/2Av+TfTCOlE4AcRJE72W1ksZXbAx8PPBR9RzgTeSPzlPMHrbANMH3LbltH73wxQ==
  dependencies:
    resolve-pkg-maps "^1.0.0"

hardhat@^3.1.4:
  version "3.1.4"
  resolved "https://registry.npmmirror.com/hardhat/-/hardhat-3.1.4.tgz#12463aa3b01d0c6a071c9032bb003bdcd1bd91f5"
  integrity sha512-HHKiZqdK5/INqDqGz8JqTlTCv/vpHLM9b0gCrz9hrSALgR5mo8YJkhPl8fGDcITNkkG23ksdCH+pNUEKPJX5dw==
  dependencies:
    "@nomicfoundation/edr" "0.12.0-next.22"
    "@nomicfoundation/hardhat-errors" "^3.0.6"
    "@nomicfoundation/hardhat-utils" "^3.0.5"
    "@nomicfoundation/hardhat-vendored" "^3.0.0"
    "@nomicfoundation/hardhat-zod-utils" "^3.0.1"
    "@nomicfoundation/solidity-analyzer" "^0.1.1"
    "@sentry/core" "^9.4.0"
    adm-zip "^0.4.16"
    chalk "^5.3.0"
    chokidar "^4.0.3"
    debug "^4.3.2"
    enquirer "^2.3.0"
    ethereum-cryptography "^2.2.1"
    micro-eth-signer "^0.14.0"
    p-map "^7.0.2"
    resolve.exports "^2.0.3"
    semver "^7.6.3"
    tsx "^4.19.3"
    ws "^8.18.0"
    zod "^3.23.8"

json-stream-stringify@^3.1.6:
  version "3.1.6"
  resolved "https://registry.npmmirror.com/json-stream-stringify/-/json-stream-stringify-3.1.6.tgz#ebe32193876fb99d4ec9f612389a8d8e2b5d54d4"
  integrity sha512-x7fpwxOkbhFCaJDJ8vb1fBY3DdSa4AlITaz+HHILQJzdPMnHEFjxPwVUi1ALIbcIxDE0PNe/0i7frnY8QnBQog==

micro-eth-signer@^0.14.0:
  version "0.14.0"
  resolved "https://registry.npmmirror.com/micro-eth-signer/-/micro-eth-signer-0.14.0.tgz#8aa1fe997d98d6bdf42f2071cef7eb01a66ecb22"
  integrity sha512-5PLLzHiVYPWClEvZIXXFu5yutzpadb73rnQCpUqIHu3No3coFuWQNfE5tkBQJ7djuLYl6aRLaS0MgWJYGoqiBw==
  dependencies:
    "@noble/curves" "~1.8.1"
    "@noble/hashes" "~1.7.1"
    micro-packed "~0.7.2"

micro-packed@~0.7.2:
  version "0.7.3"
  resolved "https://registry.npmmirror.com/micro-packed/-/micro-packed-0.7.3.tgz#59e96b139dffeda22705c7a041476f24cabb12b6"
  integrity sha512-2Milxs+WNC00TRlem41oRswvw31146GiSaoCT7s3Xi2gMUglW5QBeqlQaZeHr5tJx9nm3i57LNXPqxOOaWtTYg==
  dependencies:
    "@scure/base" "~1.2.5"

ms@^2.1.3:
  version "2.1.3"
  resolved "https://registry.npmmirror.com/ms/-/ms-2.1.3.tgz#574c8138ce1d2b5861f0b44579dbadd60c6615b2"
  integrity sha512-6FlzubTLZG3J2a/NVCAleEhjzq5oxgHyaCU9yYXvcLsvoVaHJq/s5xXI6/XXP6tz7R9xAOtHnSO/tXtF3WRTlA==

p-map@^7.0.2:
  version "7.0.4"
  resolved "https://registry.npmmirror.com/p-map/-/p-map-7.0.4.tgz#b81814255f542e252d5729dca4d66e5ec14935b8"
  integrity sha512-tkAQEw8ysMzmkhgw8k+1U/iPhWNhykKnSk4Rd5zLoPJCuJaGRPo6YposrZgaxHKzDHdDWWZvE/Sk7hsL2X/CpQ==

readdirp@^4.0.1:
  version "4.1.2"
  resolved "https://registry.npmmirror.com/readdirp/-/readdirp-4.1.2.tgz#eb85801435fbf2a7ee58f19e0921b068fc69948d"
  integrity sha512-GDhwkLfywWL2s6vEjyhri+eXmfH6j1L7JE27WhqLeYzoh/A3DBaYGEj2H/HFZCn/kMfim73FXxEJTw06WtxQwg==

resolve-pkg-maps@^1.0.0:
  version "1.0.0"
  resolved "https://registry.npmmirror.com/resolve-pkg-maps/-/resolve-pkg-maps-1.0.0.tgz#616b3dc2c57056b5588c31cdf4b3d64db133720f"
  integrity sha512-seS2Tj26TBVOC2NIc2rOe2y2ZO7efxITtLZcGSOnHHNOQ7CkiUBfw0Iw2ck6xkIhPwLhKNLS8BO+hEpngQlqzw==

resolve.exports@^2.0.3:
  version "2.0.3"
  resolved "https://registry.npmmirror.com/resolve.exports/-/resolve.exports-2.0.3.tgz#41955e6f1b4013b7586f873749a635dea07ebe3f"
  integrity sha512-OcXjMsGdhL4XnbShKpAcSqPMzQoYkYyhbEaeSko47MjRP9NfEQMhZkXL1DoFlt9LWQn4YttrdnV6X2OiyzBi+A==

rfdc@^1.3.1:
  version "1.4.1"
  resolved "https://registry.npmmirror.com/rfdc/-/rfdc-1.4.1.tgz#778f76c4fb731d93414e8f925fbecf64cce7f6ca"
  integrity sha512-q1b3N5QkRUWUl7iyylaaj3kOpIT0N2i9MqIEQXP73GVsN9cw3fdx8X63cEmWhJGi2PPCF23Ijp7ktmd39rawIA==

semver@^7.6.3:
  version "7.7.3"
  resolved "https://registry.npmmirror.com/semver/-/semver-7.7.3.tgz#4b5f4143d007633a8dc671cd0a6ef9147b8bb946"
  integrity sha512-SdsKMrI9TdgjdweUSR9MweHA4EJ8YxHn8DFaDisvhVlUOe4BF1tLD7GAj0lIqWVl+dPb/rExr0Btby5loQm20Q==

strip-ansi@^6.0.1:
  version "6.0.1"
  resolved "https://registry.npmmirror.com/strip-ansi/-/strip-ansi-6.0.1.tgz#9e26c63d30f53443e9489495b2105d37b67a85d9"
  integrity sha512-Y38VPSHcqkFrCpFnQ9vuSXmquuv5oXOKpGeT6aGrr3o3Gc9AlVa6JBfUSOCnbxGGZF+/0ooI7KrPuUSztUdU5A==
  dependencies:
    ansi-regex "^5.0.1"

tsx@^4.19.3:
  version "4.21.0"
  resolved "https://registry.npmmirror.com/tsx/-/tsx-4.21.0.tgz#32aa6cf17481e336f756195e6fe04dae3e6308b1"
  integrity sha512-5C1sg4USs1lfG0GFb2RLXsdpXqBSEhAaA/0kPL01wxzpMqLILNxIxIOKiILz+cdg/pLnOUxFYOR5yhHU666wbw==
  dependencies:
    esbuild "~0.27.0"
    get-tsconfig "^4.7.5"
  optionalDependencies:
    fsevents "~2.3.3"

undici@^6.16.1:
  version "6.23.0"
  resolved "https://registry.npmmirror.com/undici/-/undici-6.23.0.tgz#7953087744d9095a96f115de3140ca3828aff3a4"
  integrity sha512-VfQPToRA5FZs/qJxLIinmU59u0r7LXqoJkCzinq3ckNJp3vKEh7jTWN589YQ5+aoAC/TGRLyJLCPKcLQbM8r9g==

ws@^8.18.0:
  version "8.19.0"
  resolved "https://registry.npmmirror.com/ws/-/ws-8.19.0.tgz#ddc2bdfa5b9ad860204f5a72a4863a8895fd8c8b"
  integrity sha512-blAT2mjOEIi0ZzruJfIhb3nps74PRWTCz1IjglWEEpQl5XS/UNama6u2/rjFkDDouqr4L67ry+1aGIALViWjDg==

zod@^3.23.8:
  version "3.25.76"
  resolved "https://registry.npmmirror.com/zod/-/zod-3.25.76.tgz#26841c3f6fd22a6a2760e7ccb719179768471e34"
  integrity sha512-gzUt/qt81nXsFGKIFcC3YnfEAx5NkunCfnDlvuBSSFS02bcXu4Lmea0AFIUwbLWxWPx3d9p8S5QoaujKcNQxcQ==
